// !$*UTF8*$!
{
	archiveVersion = 1;
	classes = {
	};
	objectVersion = 56;
	objects = {

/* Begin PBXBuildFile section */
		342D428E2AABCC4E00F9F0EA /* AppDelegate.swift in Sources */ = {isa = PBXBuildFile; fileRef = 342D428D2AABCC4E00F9F0EA /* AppDelegate.swift */; };
		342D42902AABCC4E00F9F0EA /* SceneDelegate.swift in Sources */ = {isa = PBXBuildFile; fileRef = 342D428F2AABCC4E00F9F0EA /* SceneDelegate.swift */; };
		342D42922AABCC4E00F9F0EA /* HomeViewController.swift in Sources */ = {isa = PBXBuildFile; fileRef = 342D42912AABCC4E00F9F0EA /* HomeViewController.swift */; };
		342D42952AABCC4E00F9F0EA /* Main.storyboard in Resources */ = {isa = PBXBuildFile; fileRef = 342D42932AABCC4E00F9F0EA /* Main.storyboard */; };
		342D42972AABCC4F00F9F0EA /* Assets.xcassets in Resources */ = {isa = PBXBuildFile; fileRef = 342D42962AABCC4F00F9F0EA /* Assets.xcassets */; };
		342D429A2AABCC4F00F9F0EA /* LaunchScreen.storyboard in Resources */ = {isa = PBXBuildFile; fileRef = 342D42982AABCC4F00F9F0EA /* LaunchScreen.storyboard */; };
		347E5F582AABEE8100667E8B /* HomeTableViewHeader.xib in Resources */ = {isa = PBXBuildFile; fileRef = 347E5F572AABEE8100667E8B /* HomeTableViewHeader.xib */; };
		347E5F5A2AABF51700667E8B /* HomeTableViewHeader.swift in Sources */ = {isa = PBXBuildFile; fileRef = 347E5F592AABF51700667E8B /* HomeTableViewHeader.swift */; };
		347E5F632AACF9FC00667E8B /* TripTableViewCell.swift in Sources */ = {isa = PBXBuildFile; fileRef = 347E5F612AACF9FC00667E8B /* TripTableViewCell.swift */; };
		347E5F642AACF9FC00667E8B /* TripTableViewCell.xib in Resources */ = {isa = PBXBuildFile; fileRef = 347E5F622AACF9FC00667E8B /* TripTableViewCell.xib */; };
/* End PBXBuildFile section */

/* Begin PBXFileReference section */
		342D428A2AABCC4E00F9F0EA /* Itrips.app */ = {isa = PBXFileReference; explicitFileType = wrapper.application; includeInIndex = 0; path = Itrips.app; sourceTree = BUILT_PRODUCTS_DIR; };
		342D428D2AABCC4E00F9F0EA /* AppDelegate.swift */ = {isa = PBXFileReference; lastKnownFileType = sourcecode.swift; path = AppDelegate.swift; sourceTree = "<group>"; };
		342D428F2AABCC4E00F9F0EA /* SceneDelegate.swift */ = {isa = PBXFileReference; lastKnownFileType = sourcecode.swift; path = SceneDelegate.swift; sourceTree = "<group>"; };
		342D42912AABCC4E00F9F0EA /* HomeViewController.swift */ = {isa = PBXFileReference; lastKnownFileType = sourcecode.swift; path = HomeViewController.swift; sourceTree = "<group>"; };
		342D42942AABCC4E00F9F0EA /* Base */ = {isa = PBXFileReference; lastKnownFileType = file.storyboard; name = Base; path = Base.lproj/Main.storyboard; sourceTree = "<group>"; };
		342D42962AABCC4F00F9F0EA /* Assets.xcassets */ = {isa = PBXFileReference; lastKnownFileType = folder.assetcatalog; path = Assets.xcassets; sourceTree = "<group>"; };
		342D42992AABCC4F00F9F0EA /* Base */ = {isa = PBXFileReference; lastKnownFileType = file.storyboard; name = Base; path = Base.lproj/LaunchScreen.storyboard; sourceTree = "<group>"; };
		342D429B2AABCC4F00F9F0EA /* Info.plist */ = {isa = PBXFileReference; lastKnownFileType = text.plist.xml; path = Info.plist; sourceTree = "<group>"; };
		347E5F572AABEE8100667E8B /* HomeTableViewHeader.xib */ = {isa = PBXFileReference; lastKnownFileType = file.xib; path = HomeTableViewHeader.xib; sourceTree = "<group>"; };
		347E5F592AABF51700667E8B /* HomeTableViewHeader.swift */ = {isa = PBXFileReference; lastKnownFileType = sourcecode.swift; path = HomeTableViewHeader.swift; sourceTree = "<group>"; };
		347E5F612AACF9FC00667E8B /* TripTableViewCell.swift */ = {isa = PBXFileReference; lastKnownFileType = sourcecode.swift; path = TripTableViewCell.swift; sourceTree = "<group>"; };
		347E5F622AACF9FC00667E8B /* TripTableViewCell.xib */ = {isa = PBXFileReference; lastKnownFileType = file.xib; path = TripTableViewCell.xib; sourceTree = "<group>"; };
/* End PBXFileReference section */

/* Begin PBXFrameworksBuildPhase section */
		342D42872AABCC4E00F9F0EA /* Frameworks */ = {
			isa = PBXFrameworksBuildPhase;
			buildActionMask = 2147483647;
			files = (
			);
			runOnlyForDeploymentPostprocessing = 0;
		};
/* End PBXFrameworksBuildPhase section */

/* Begin PBXGroup section */
		342D42812AABCC4E00F9F0EA = {
			isa = PBXGroup;
			children = (
				342D428C2AABCC4E00F9F0EA /* Itrips */,
				342D428B2AABCC4E00F9F0EA /* Products */,
			);
			sourceTree = "<group>";
		};
		342D428B2AABCC4E00F9F0EA /* Products */ = {
			isa = PBXGroup;
			children = (
				342D428A2AABCC4E00F9F0EA /* Itrips.app */,
			);
			name = Products;
			sourceTree = "<group>";
		};
		342D428C2AABCC4E00F9F0EA /* Itrips */ = {
			isa = PBXGroup;
			children = (
				347E5F5B2AACF69700667E8B /* UI */,
				342D428D2AABCC4E00F9F0EA /* AppDelegate.swift */,
				342D428F2AABCC4E00F9F0EA /* SceneDelegate.swift */,
				342D42962AABCC4F00F9F0EA /* Assets.xcassets */,
				342D42982AABCC4F00F9F0EA /* LaunchScreen.storyboard */,
				342D429B2AABCC4F00F9F0EA /* Info.plist */,
			);
			path = Itrips;
			sourceTree = "<group>";
		};
		347E5F5B2AACF69700667E8B /* UI */ = {
			isa = PBXGroup;
			children = (
				347E5F5D2AACF6C900667E8B /* Components */,
				347E5F5C2AACF6A800667E8B /* Pages */,
			);
			path = UI;
			sourceTree = "<group>";
		};
		347E5F5C2AACF6A800667E8B /* Pages */ = {
			isa = PBXGroup;
			children = (
				347E5F5E2AACF71600667E8B /* Home */,
			);
			path = Pages;
			sourceTree = "<group>";
		};
		347E5F5D2AACF6C900667E8B /* Components */ = {
			isa = PBXGroup;
			children = (
				347E5F602AACF98C00667E8B /* Cell */,
				347E5F5F2AACF97900667E8B /* Header */,
			);
			path = Components;
			sourceTree = "<group>";
		};
		347E5F5E2AACF71600667E8B /* Home */ = {
			isa = PBXGroup;
			children = (
				342D42912AABCC4E00F9F0EA /* HomeViewController.swift */,
				342D42932AABCC4E00F9F0EA /* Main.storyboard */,
			);
			path = Home;
			sourceTree = "<group>";
		};
		347E5F5F2AACF97900667E8B /* Header */ = {
			isa = PBXGroup;
			children = (
				347E5F572AABEE8100667E8B /* HomeTableViewHeader.xib */,
				347E5F592AABF51700667E8B /* HomeTableViewHeader.swift */,
			);
			path = Header;
			sourceTree = "<group>";
		};
		347E5F602AACF98C00667E8B /* Cell */ = {
			isa = PBXGroup;
			children = (
				347E5F612AACF9FC00667E8B /* TripTableViewCell.swift */,
				347E5F622AACF9FC00667E8B /* TripTableViewCell.xib */,
			);
			path = Cell;
			sourceTree = "<group>";
		};
/* End PBXGroup section */

/* Begin PBXNativeTarget section */
		342D42892AABCC4E00F9F0EA /* Itrips */ = {
			isa = PBXNativeTarget;
			buildConfigurationList = 342D429E2AABCC4F00F9F0EA /* Build configuration list for PBXNativeTarget "Itrips" */;
			buildPhases = (
				342D42862AABCC4E00F9F0EA /* Sources */,
				342D42872AABCC4E00F9F0EA /* Frameworks */,
				342D42882AABCC4E00F9F0EA /* Resources */,
			);
			buildRules = (
			);
			dependencies = (
			);
			name = Itrips;
			productName = Itrips;
			productReference = 342D428A2AABCC4E00F9F0EA /* Itrips.app */;
			productType = "com.apple.product-type.application";
		};
/* End PBXNativeTarget section */

/* Begin PBXProject section */
		342D42822AABCC4E00F9F0EA /* Project object */ = {
			isa = PBXProject;
			attributes = {
				BuildIndependentTargetsInParallel = 1;
				LastSwiftUpdateCheck = 1430;
				LastUpgradeCheck = 1430;
				TargetAttributes = {
					342D42892AABCC4E00F9F0EA = {
						CreatedOnToolsVersion = 14.3.1;
					};
				};
			};
			buildConfigurationList = 342D42852AABCC4E00F9F0EA /* Build configuration list for PBXProject "Itrips" */;
			compatibilityVersion = "Xcode 14.0";
			developmentRegion = en;
			hasScannedForEncodings = 0;
			knownRegions = (
				en,
				Base,
			);
			mainGroup = 342D42812AABCC4E00F9F0EA;
			productRefGroup = 342D428B2AABCC4E00F9F0EA /* Products */;
			projectDirPath = "";
			projectRoot = "";
			targets = (
				342D42892AABCC4E00F9F0EA /* Itrips */,
			);
		};
/* End PBXProject section */

/* Begin PBXResourcesBuildPhase section */
		342D42882AABCC4E00F9F0EA /* Resources */ = {
			isa = PBXResourcesBuildPhase;
			buildActionMask = 2147483647;
			files = (
				342D429A2AABCC4F00F9F0EA /* LaunchScreen.storyboard in Resources */,
				347E5F582AABEE8100667E8B /* HomeTableViewHeader.xib in Resources */,
				342D42972AABCC4F00F9F0EA /* Assets.xcassets in Resources */,
				347E5F642AACF9FC00667E8B /* TripTableViewCell.xib in Resources */,
				342D42952AABCC4E00F9F0EA /* Main.storyboard in Resources */,
			);
			runOnlyForDeploymentPostprocessing = 0;
		};
/* End PBXResourcesBuildPhase section */

/* Begin PBXSourcesBuildPhase section */
		342D42862AABCC4E00F9F0EA /* Sources */ = {
			isa = PBXSourcesBuildPhase;
			buildActionMask = 2147483647;
			files = (
				342D42922AABCC4E00F9F0EA /* HomeViewController.swift in Sources */,
				347E5F5A2AABF51700667E8B /* HomeTableViewHeader.swift in Sources */,
				342D428E2AABCC4E00F9F0EA /* AppDelegate.swift in Sources */,
				342D42902AABCC4E00F9F0EA /* SceneDelegate.swift in Sources */,
				347E5F632AACF9FC00667E8B /* TripTableViewCell.swift in Sources */,
			);
			runOnlyForDeploymentPostprocessing = 0;
		};
/* End PBXSourcesBuildPhase section */

/* Begin PBXVariantGroup section */
		342D42932AABCC4E00F9F0EA /* Main.storyboard */ = {
			isa = PBXVariantGroup;
			children = (
				342D42942AABCC4E00F9F0EA /* Base */,
			);
			name = Main.storyboard;
			sourceTree = "<group>";
		};
		342D42982AABCC4F00F9F0EA /* LaunchScreen.storyboard */ = {
			isa = PBXVariantGroup;
			children = (
				342D42992AABCC4F00F9F0EA /* Base */,
			);
			name = LaunchScreen.storyboard;
			sourceTree = "<group>";
		};
/* End PBXVariantGroup section */

/* Begin XCBuildConfiguration section */
		342D429C2AABCC4F00F9F0EA /* Debug */ = {
			isa = XCBuildConfiguration;
			buildSettings = {
				ALWAYS_SEARCH_USER_PATHS = NO;
				CLANG_ANALYZER_NONNULL = YES;
				CLANG_ANALYZER_NUMBER_OBJECT_CONVERSION = YES_AGGRESSIVE;
				CLANG_CXX_LANGUAGE_STANDARD = "gnu++20";
				CLANG_ENABLE_MODULES = YES;
				CLANG_ENABLE_OBJC_ARC = YES;
				CLANG_ENABLE_OBJC_WEAK = YES;
				CLANG_WARN_BLOCK_CAPTURE_AUTORELEASING = YES;
				CLANG_WARN_BOOL_CONVERSION = YES;
				CLANG_WARN_COMMA = YES;
				CLANG_WARN_CONSTANT_CONVERSION = YES;
				CLANG_WARN_DEPRECATED_OBJC_IMPLEMENTATIONS = YES;
				CLANG_WARN_DIRECT_OBJC_ISA_USAGE = YES_ERROR;
				CLANG_WARN_DOCUMENTATION_COMMENTS = YES;
				CLANG_WARN_EMPTY_BODY = YES;
				CLANG_WARN_ENUM_CONVERSION = YES;
				CLANG_WARN_INFINITE_RECURSION = YES;
				CLANG_WARN_INT_CONVERSION = YES;
				CLANG_WARN_NON_LITERAL_NULL_CONVERSION = YES;
				CLANG_WARN_OBJC_IMPLICIT_RETAIN_SELF = YES;
				CLANG_WARN_OBJC_LITERAL_CONVERSION = YES;
				CLANG_WARN_OBJC_ROOT_CLASS = YES_ERROR;
				CLANG_WARN_QUOTED_INCLUDE_IN_FRAMEWORK_HEADER = YES;
				CLANG_WARN_RANGE_LOOP_ANALYSIS = YES;
				CLANG_WARN_STRICT_PROTOTYPES = YES;
				CLANG_WARN_SUSPICIOUS_MOVE = YES;
				CLANG_WARN_UNGUARDED_AVAILABILITY = YES_AGGRESSIVE;
				CLANG_WARN_UNREACHABLE_CODE = YES;
				CLANG_WARN__DUPLICATE_METHOD_MATCH = YES;
				COPY_PHASE_STRIP = NO;
				DEBUG_INFORMATION_FORMAT = dwarf;
				ENABLE_STRICT_OBJC_MSGSEND = YES;
				ENABLE_TESTABILITY = YES;
				GCC_C_LANGUAGE_STANDARD = gnu11;
				GCC_DYNAMIC_NO_PIC = NO;
				GCC_NO_COMMON_BLOCKS = YES;
				GCC_OPTIMIZATION_LEVEL = 0;
				GCC_PREPROCESSOR_DEFINITIONS = (
					"DEBUG=1",
					"$(inherited)",
				);
				GCC_WARN_64_TO_32_BIT_CONVERSION = YES;
				GCC_WARN_ABOUT_RETURN_TYPE = YES_ERROR;
				GCC_WARN_UNDECLARED_SELECTOR = YES;
				GCC_WARN_UNINITIALIZED_AUTOS = YES_AGGRESSIVE;
				GCC_WARN_UNUSED_FUNCTION = YES;
				GCC_WARN_UNUSED_VARIABLE = YES;
				IPHONEOS_DEPLOYMENT_TARGET = 16.4;
				MTL_ENABLE_DEBUG_INFO = INCLUDE_SOURCE;
				MTL_FAST_MATH = YES;
				ONLY_ACTIVE_ARCH = YES;
				SDKROOT = iphoneos;
				SWIFT_ACTIVE_COMPILATION_CONDITIONS = DEBUG;
				SWIFT_OPTIMIZATION_LEVEL = "-Onone";
			};
			name = Debug;
		};
		342D429D2AABCC4F00F9F0EA /* Release */ = {
			isa = XCBuildConfiguration;
			buildSettings = {
				ALWAYS_SEARCH_USER_PATHS = NO;
				CLANG_ANALYZER_NONNULL = YES;
				CLANG_ANALYZER_NUMBER_OBJECT_CONVERSION = YES_AGGRESSIVE;
				CLANG_CXX_LANGUAGE_STANDARD = "gnu++20";
				CLANG_ENABLE_MODULES = YES;
				CLANG_ENABLE_OBJC_ARC = YES;
				CLANG_ENABLE_OBJC_WEAK = YES;
				CLANG_WARN_BLOCK_CAPTURE_AUTORELEASING = YES;
				CLANG_WARN_BOOL_CONVERSION = YES;
				CLANG_WARN_COMMA = YES;
				CLANG_WARN_CONSTANT_CONVERSION = YES;
				CLANG_WARN_DEPRECATED_OBJC_IMPLEMENTATIONS = YES;
				CLANG_WARN_DIRECT_OBJC_ISA_USAGE = YES_ERROR;
				CLANG_WARN_DOCUMENTATION_COMMENTS = YES;
				CLANG_WARN_EMPTY_BODY = YES;
				CLANG_WARN_ENUM_CONVERSION = YES;
				CLANG_WARN_INFINITE_RECURSION = YES;
				CLANG_WARN_INT_CONVERSION = YES;
				CLANG_WARN_NON_LITERAL_NULL_CONVERSION = YES;
				CLANG_WARN_OBJC_IMPLICIT_RETAIN_SELF = YES;
				CLANG_WARN_OBJC_LITERAL_CONVERSION = YES;
				CLANG_WARN_OBJC_ROOT_CLASS = YES_ERROR;
				CLANG_WARN_QUOTED_INCLUDE_IN_FRAMEWORK_HEADER = YES;
				CLANG_WARN_RANGE_LOOP_ANALYSIS = YES;
				CLANG_WARN_STRICT_PROTOTYPES = YES;
				CLANG_WARN_SUSPICIOUS_MOVE = YES;
				CLANG_WARN_UNGUARDED_AVAILABILITY = YES_AGGRESSIVE;
				CLANG_WARN_UNREACHABLE_CODE = YES;
				CLANG_WARN__DUPLICATE_METHOD_MATCH = YES;
				COPY_PHASE_STRIP = NO;
				DEBUG_INFORMATION_FORMAT = "dwarf-with-dsym";
				ENABLE_NS_ASSERTIONS = NO;
				ENABLE_STRICT_OBJC_MSGSEND = YES;
				GCC_C_LANGUAGE_STANDARD = gnu11;
				GCC_NO_COMMON_BLOCKS = YES;
				GCC_WARN_64_TO_32_BIT_CONVERSION = YES;
				GCC_WARN_ABOUT_RETURN_TYPE = YES_ERROR;
				GCC_WARN_UNDECLARED_SELECTOR = YES;
				GCC_WARN_UNINITIALIZED_AUTOS = YES_AGGRESSIVE;
				GCC_WARN_UNUSED_FUNCTION = YES;
				GCC_WARN_UNUSED_VARIABLE = YES;
				IPHONEOS_DEPLOYMENT_TARGET = 16.4;
				MTL_ENABLE_DEBUG_INFO = NO;
				MTL_FAST_MATH = YES;
				SDKROOT = iphoneos;
				SWIFT_COMPILATION_MODE = wholemodule;
				SWIFT_OPTIMIZATION_LEVEL = "-O";
				VALIDATE_PRODUCT = YES;
			};
			name = Release;
		};
		342D429F2AABCC4F00F9F0EA /* Debug */ = {
			isa = XCBuildConfiguration;
			buildSettings = {
				ASSETCATALOG_COMPILER_APPICON_NAME = AppIcon;
				ASSETCATALOG_COMPILER_GLOBAL_ACCENT_COLOR_NAME = AccentColor;
				CODE_SIGN_STYLE = Automatic;
				CURRENT_PROJECT_VERSION = 1;
				GENERATE_INFOPLIST_FILE = YES;
				INFOPLIST_FILE = Itrips/Info.plist;
				INFOPLIST_KEY_UIApplicationSupportsIndirectInputEvents = YES;
				INFOPLIST_KEY_UILaunchStoryboardName = LaunchScreen;
				INFOPLIST_KEY_UIMainStoryboardFile = Main;
				INFOPLIST_KEY_UISupportedInterfaceOrientations_iPad = "UIInterfaceOrientationPortrait UIInterfaceOrientationPortraitUpsideDown UIInterfaceOrientationLandscapeLeft UIInterfaceOrientationLandscapeRight";
				INFOPLIST_KEY_UISupportedInterfaceOrientations_iPhone = "UIInterfaceOrientationPortrait UIInterfaceOrientationLandscapeLeft UIInterfaceOrientationLandscapeRight";
				LD_RUNPATH_SEARCH_PATHS = (
					"$(inherited)",
					"@executable_path/Frameworks",
				);
				MARKETING_VERSION = 1.0;
				PRODUCT_BUNDLE_IDENTIFIER = ferreira.filipe.Itrips;
				PRODUCT_NAME = "$(TARGET_NAME)";
				SWIFT_EMIT_LOC_STRINGS = YES;
				SWIFT_VERSION = 5.0;
				TARGETED_DEVICE_FAMILY = "1,2";
			};
			name = Debug;
		};
		342D42A02AABCC4F00F9F0EA /* Release */ = {
			isa = XCBuildConfiguration;
			buildSettings = {
				ASSETCATALOG_COMPILER_APPICON_NAME = AppIcon;
				ASSETCATALOG_COMPILER_GLOBAL_ACCENT_COLOR_NAME = AccentColor;
				CODE_SIGN_STYLE = Automatic;
				CURRENT_PROJECT_VERSION = 1;
				GENERATE_INFOPLIST_FILE = YES;
				INFOPLIST_FILE = Itrips/Info.plist;
				INFOPLIST_KEY_UIApplicationSupportsIndirectInputEvents = YES;
				INFOPLIST_KEY_UILaunchStoryboardName = LaunchScreen;
				INFOPLIST_KEY_UIMainStoryboardFile = Main;
				INFOPLIST_KEY_UISupportedInterfaceOrientations_iPad = "UIInterfaceOrientationPortrait UIInterfaceOrientationPortraitUpsideDown UIInterfaceOrientationLandscapeLeft UIInterfaceOrientationLandscapeRight";
				INFOPLIST_KEY_UISupportedInterfaceOrientations_iPhone = "UIInterfaceOrientationPortrait UIInterfaceOrientationLandscapeLeft UIInterfaceOrientationLandscapeRight";
				LD_RUNPATH_SEARCH_PATHS = (
					"$(inherited)",
					"@executable_path/Frameworks",
				);
				MARKETING_VERSION = 1.0;
				PRODUCT_BUNDLE_IDENTIFIER = ferreira.filipe.Itrips;
				PRODUCT_NAME = "$(TARGET_NAME)";
				SWIFT_EMIT_LOC_STRINGS = YES;
				SWIFT_VERSION = 5.0;
				TARGETED_DEVICE_FAMILY = "1,2";
			};
			name = Release;
		};
/* End XCBuildConfiguration section */

/* Begin XCConfigurationList section */
		342D42852AABCC4E00F9F0EA /* Build configuration list for PBXProject "Itrips" */ = {
			isa = XCConfigurationList;
			buildConfigurations = (
				342D429C2AABCC4F00F9F0EA /* Debug */,
				342D429D2AABCC4F00F9F0EA /* Release */,
			);
			defaultConfigurationIsVisible = 0;
			defaultConfigurationName = Release;
		};
		342D429E2AABCC4F00F9F0EA /* Build configuration list for PBXNativeTarget "Itrips" */ = {
			isa = XCConfigurationList;
			buildConfigurations = (
				342D429F2AABCC4F00F9F0EA /* Debug */,
				342D42A02AABCC4F00F9F0EA /* Release */,
			);
			defaultConfigurationIsVisible = 0;
			defaultConfigurationName = Release;
		};
/* End XCConfigurationList section */
	};
	rootObject = 342D42822AABCC4E00F9F0EA /* Project object */;
}
